
Microsoft Visual Studio Solution File, Format Version 11.00
# Visual Studio 2010
# SharpDevelop 5.1
Project("{FAE04EC0-301F-11D3-BF4B-00C04F79EFBC}") = "heydude", "heydude.csproj", "{65D05AAC-9107-46A6-9173-425F93CC0960}"
EndProject
Project("{FAE04EC0-301F-11D3-BF4B-00C04F79EFBC}") = "ryliang.DataTableComparator", "..\DataTableComparator\ryliang.DataTableComparator.csproj", "{22F1C4AE-6246-47A2-87F3-F12B664FEE93}"
EndProject
Project("{FAE04EC0-301F-11D3-BF4B-00C04F79EFBC}") = "ryliang.Excel", "..\ExcelOperator\ryliang.excel.csproj", "{22E4D0FD-A850-45D9-91D4-92753ED88019}"
EndProject
Project("{FAE04EC0-301F-11D3-BF4B-00C04F79EFBC}") = "heydude.gui", "..\heydude.gui\heydude.gui.csproj", "{88FE6280-473A-46C4-B389-0D337E840B62}"
EndProject
Global
	GlobalSection(SolutionConfigurationPlatforms) = preSolution
		Debug|Any CPU = Debug|Any CPU
		Release|Any CPU = Release|Any CPU
	EndGlobalSection
	GlobalSection(ProjectConfigurationPlatforms) = postSolution
		{65D05AAC-9107-46A6-9173-425F93CC0960}.Debug|Any CPU.ActiveCfg = Debug|Any CPU
		{65D05AAC-9107-46A6-9173-425F93CC0960}.Debug|Any CPU.Build.0 = Debug|Any CPU
		{65D05AAC-9107-46A6-9173-425F93CC0960}.Release|Any CPU.ActiveCfg = Release|Any CPU
		{65D05AAC-9107-46A6-9173-425F93CC0960}.Release|Any CPU.Build.0 = Release|Any CPU
		{22F1C4AE-6246-47A2-87F3-F12B664FEE93}.Debug|Any CPU.ActiveCfg = Debug|Any CPU
		{22F1C4AE-6246-47A2-87F3-F12B664FEE93}.Debug|Any CPU.Build.0 = Debug|Any CPU
		{22F1C4AE-6246-47A2-87F3-F12B664FEE93}.Release|Any CPU.ActiveCfg = Release|Any CPU
		{22F1C4AE-6246-47A2-87F3-F12B664FEE93}.Release|Any CPU.Build.0 = Release|Any CPU
		{22E4D0FD-A850-45D9-91D4-92753ED88019}.Debug|Any CPU.ActiveCfg = Debug|Any CPU
		{22E4D0FD-A850-45D9-91D4-92753ED88019}.Debug|Any CPU.Build.0 = Debug|Any CPU
		{22E4D0FD-A850-45D9-91D4-92753ED88019}.Release|Any CPU.ActiveCfg = Release|Any CPU
		{22E4D0FD-A850-45D9-91D4-92753ED88019}.Release|Any CPU.Build.0 = Release|Any CPU
		{88FE6280-473A-46C4-B389-0D337E840B62}.Debug|Any CPU.ActiveCfg = Debug|Any CPU
		{88FE6280-473A-46C4-B389-0D337E840B62}.Debug|Any CPU.Build.0 = Debug|Any CPU
		{88FE6280-473A-46C4-B389-0D337E840B62}.Release|Any CPU.ActiveCfg = Release|Any CPU
		{88FE6280-473A-46C4-B389-0D337E840B62}.Release|Any CPU.Build.0 = Release|Any CPU
	EndGlobalSection
EndGlobal
